
Microsoft Visual Studio Solution File, Format Version 12.00
# Visual Studio Version 16
VisualStudioVersion = 16.0.29519.87
MinimumVisualStudioVersion = 10.0.40219.1
Project("{2150E333-8FDC-42A3-9474-1A3956D46DE8}") = "Server", "Server", "{7AFD6DC6-F34E-4940-BC49-8A052012D3E6}"
EndProject
Project("{2150E333-8FDC-42A3-9474-1A3956D46DE8}") = "Client", "Client", "{3B59ABB9-40E6-4C32-8933-3FB41CD218A3}"
	ProjectSection(SolutionItems) = preProject
		TextFile1.txt = TextFile1.txt
	EndProjectSection
EndProject
Project("{FAE04EC0-301F-11D3-BF4B-00C04F79EFBC}") = "MindHorizon", "Server\MindHorizon\MindHorizon.csproj", "{28CC270F-588C-4DF4-94D0-AE71D06AD875}"
EndProject
Project("{FAE04EC0-301F-11D3-BF4B-00C04F79EFBC}") = "MindHorizon.Common", "Server\MindHorizon.Common\MindHorizon.Common.csproj", "{A83BA276-6766-4B33-AEA0-776B3208B059}"
EndProject
Project("{FAE04EC0-301F-11D3-BF4B-00C04F79EFBC}") = "MindHorizon.Data", "Server\MindHorizon.Data\MindHorizon.Data.csproj", "{5D7245E5-2B75-4B7F-ADB1-C56D72035001}"
EndProject
Project("{FAE04EC0-301F-11D3-BF4B-00C04F79EFBC}") = "MindHorizon.Entities", "Server\MindHorizon.Entities\MindHorizon.Entities.csproj", "{7211F0AF-2959-489A-BCFC-C16A578BAE25}"
EndProject
Project("{FAE04EC0-301F-11D3-BF4B-00C04F79EFBC}") = "MindHorizon.Services", "Server\MindHorizon.Services\MindHorizon.Services.csproj", "{074A583A-9EBF-4673-A5D4-4081DC9F65DC}"
EndProject
Project("{FAE04EC0-301F-11D3-BF4B-00C04F79EFBC}") = "MindHorizon.IocConfig", "Server\MindHorizon.IocConfig\MindHorizon.IocConfig.csproj", "{3F03920A-3C3A-4651-9464-B5F62F049592}"
EndProject
Project("{FAE04EC0-301F-11D3-BF4B-00C04F79EFBC}") = "MindHorizon.ViewModels", "Server\MindHorizon.ViewModels\MindHorizon.ViewModels.csproj", "{DDD24500-5F55-4756-8FDE-5B83CC45B304}"
EndProject
Global
	GlobalSection(SolutionConfigurationPlatforms) = preSolution
		Debug|Any CPU = Debug|Any CPU
		Release|Any CPU = Release|Any CPU
	EndGlobalSection
	GlobalSection(ProjectConfigurationPlatforms) = postSolution
		{28CC270F-588C-4DF4-94D0-AE71D06AD875}.Debug|Any CPU.ActiveCfg = Debug|Any CPU
		{28CC270F-588C-4DF4-94D0-AE71D06AD875}.Debug|Any CPU.Build.0 = Debug|Any CPU
		{28CC270F-588C-4DF4-94D0-AE71D06AD875}.Release|Any CPU.ActiveCfg = Release|Any CPU
		{28CC270F-588C-4DF4-94D0-AE71D06AD875}.Release|Any CPU.Build.0 = Release|Any CPU
		{A83BA276-6766-4B33-AEA0-776B3208B059}.Debug|Any CPU.ActiveCfg = Debug|Any CPU
		{A83BA276-6766-4B33-AEA0-776B3208B059}.Debug|Any CPU.Build.0 = Debug|Any CPU
		{A83BA276-6766-4B33-AEA0-776B3208B059}.Release|Any CPU.ActiveCfg = Release|Any CPU
		{A83BA276-6766-4B33-AEA0-776B3208B059}.Release|Any CPU.Build.0 = Release|Any CPU
		{5D7245E5-2B75-4B7F-ADB1-C56D72035001}.Debug|Any CPU.ActiveCfg = Debug|Any CPU
		{5D7245E5-2B75-4B7F-ADB1-C56D72035001}.Debug|Any CPU.Build.0 = Debug|Any CPU
		{5D7245E5-2B75-4B7F-ADB1-C56D72035001}.Release|Any CPU.ActiveCfg = Release|Any CPU
		{5D7245E5-2B75-4B7F-ADB1-C56D72035001}.Release|Any CPU.Build.0 = Release|Any CPU
		{7211F0AF-2959-489A-BCFC-C16A578BAE25}.Debug|Any CPU.ActiveCfg = Debug|Any CPU
		{7211F0AF-2959-489A-BCFC-C16A578BAE25}.Debug|Any CPU.Build.0 = Debug|Any CPU
		{7211F0AF-2959-489A-BCFC-C16A578BAE25}.Release|Any CPU.ActiveCfg = Release|Any CPU
		{7211F0AF-2959-489A-BCFC-C16A578BAE25}.Release|Any CPU.Build.0 = Release|Any CPU
		{074A583A-9EBF-4673-A5D4-4081DC9F65DC}.Debug|Any CPU.ActiveCfg = Debug|Any CPU
		{074A583A-9EBF-4673-A5D4-4081DC9F65DC}.Debug|Any CPU.Build.0 = Debug|Any CPU
		{074A583A-9EBF-4673-A5D4-4081DC9F65DC}.Release|Any CPU.ActiveCfg = Release|Any CPU
		{074A583A-9EBF-4673-A5D4-4081DC9F65DC}.Release|Any CPU.Build.0 = Release|Any CPU
		{3F03920A-3C3A-4651-9464-B5F62F049592}.Debug|Any CPU.ActiveCfg = Debug|Any CPU
		{3F03920A-3C3A-4651-9464-B5F62F049592}.Debug|Any CPU.Build.0 = Debug|Any CPU
		{3F03920A-3C3A-4651-9464-B5F62F049592}.Release|Any CPU.ActiveCfg = Release|Any CPU
		{3F03920A-3C3A-4651-9464-B5F62F049592}.Release|Any CPU.Build.0 = Release|Any CPU
		{DDD24500-5F55-4756-8FDE-5B83CC45B304}.Debug|Any CPU.ActiveCfg = Debug|Any CPU
		{DDD24500-5F55-4756-8FDE-5B83CC45B304}.Debug|Any CPU.Build.0 = Debug|Any CPU
		{DDD24500-5F55-4756-8FDE-5B83CC45B304}.Release|Any CPU.ActiveCfg = Release|Any CPU
		{DDD24500-5F55-4756-8FDE-5B83CC45B304}.Release|Any CPU.Build.0 = Release|Any CPU
	EndGlobalSection
	GlobalSection(SolutionProperties) = preSolution
		HideSolutionNode = FALSE
	EndGlobalSection
	GlobalSection(NestedProjects) = preSolution
		{28CC270F-588C-4DF4-94D0-AE71D06AD875} = {7AFD6DC6-F34E-4940-BC49-8A052012D3E6}
		{A83BA276-6766-4B33-AEA0-776B3208B059} = {7AFD6DC6-F34E-4940-BC49-8A052012D3E6}
		{5D7245E5-2B75-4B7F-ADB1-C56D72035001} = {7AFD6DC6-F34E-4940-BC49-8A052012D3E6}
		{7211F0AF-2959-489A-BCFC-C16A578BAE25} = {7AFD6DC6-F34E-4940-BC49-8A052012D3E6}
		{074A583A-9EBF-4673-A5D4-4081DC9F65DC} = {7AFD6DC6-F34E-4940-BC49-8A052012D3E6}
		{3F03920A-3C3A-4651-9464-B5F62F049592} = {7AFD6DC6-F34E-4940-BC49-8A052012D3E6}
		{DDD24500-5F55-4756-8FDE-5B83CC45B304} = {7AFD6DC6-F34E-4940-BC49-8A052012D3E6}
	EndGlobalSection
	GlobalSection(ExtensibilityGlobals) = postSolution
		SolutionGuid = {553A8BA6-42E4-414A-A894-4C57027EC468}
	EndGlobalSection
EndGlobal
