
Microsoft Visual Studio Solution File, Format Version 12.00
# Visual Studio Version 16
VisualStudioVersion = 16.0.29519.87
MinimumVisualStudioVersion = 10.0.40219.1
Project("{2150E333-8FDC-42A3-9474-1A3956D46DE8}") = "Server", "Server", "{7AFD6DC6-F34E-4940-BC49-8A052012D3E6}"
EndProject
Project("{2150E333-8FDC-42A3-9474-1A3956D46DE8}") = "Client", "Client", "{3B59ABB9-40E6-4C32-8933-3FB41CD218A3}"
EndProject
Project("{FAE04EC0-301F-11D3-BF4B-00C04F79EFBC}") = "MindHorizon", "Server\MindHorizon\MindHorizon.csproj", "{77A2DF91-1D25-42D3-95C3-FC68668E0AB1}"
EndProject
Project("{FAE04EC0-301F-11D3-BF4B-00C04F79EFBC}") = "MindHorizon.Common", "Server\MindHorizon.Common\MindHorizon.Common.csproj", "{443EA4E3-3495-48DD-A7B5-AA47CF6F6EA4}"
EndProject
Project("{FAE04EC0-301F-11D3-BF4B-00C04F79EFBC}") = "MindHorizon.Data", "Server\MindHorizon.Data\MindHorizon.Data.csproj", "{0EE2C1C6-F71D-478D-A44C-DE5FB92166B0}"
EndProject
Project("{FAE04EC0-301F-11D3-BF4B-00C04F79EFBC}") = "MindHorizon.Entities", "Server\MindHorizon.Entities\MindHorizon.Entities.csproj", "{7012985F-CD07-4731-BA14-5DD19F8E77CD}"
EndProject
Project("{FAE04EC0-301F-11D3-BF4B-00C04F79EFBC}") = "MindHorizon.Services", "Server\MindHorizon.Services\MindHorizon.Services.csproj", "{F2E6147B-A2B4-4CCA-91B3-3B4D8C2B5D17}"
EndProject
Project("{FAE04EC0-301F-11D3-BF4B-00C04F79EFBC}") = "MindHorizon.IocConfig", "Server\MindHorizon.IocConfig\MindHorizon.IocConfig.csproj", "{83C63BFE-8A2E-449C-B6A9-1A5C9EA7DC8D}"
EndProject
Project("{FAE04EC0-301F-11D3-BF4B-00C04F79EFBC}") = "MindHorizon.ViewModels", "Server\MindHorizon.ViewModels\MindHorizon.ViewModels.csproj", "{3B2BF0C7-C92C-48C7-AB40-259EE67BD107}"
EndProject
Global
	GlobalSection(SolutionConfigurationPlatforms) = preSolution
		Debug|Any CPU = Debug|Any CPU
		Release|Any CPU = Release|Any CPU
	EndGlobalSection
	GlobalSection(ProjectConfigurationPlatforms) = postSolution
		{77A2DF91-1D25-42D3-95C3-FC68668E0AB1}.Debug|Any CPU.ActiveCfg = Debug|Any CPU
		{77A2DF91-1D25-42D3-95C3-FC68668E0AB1}.Debug|Any CPU.Build.0 = Debug|Any CPU
		{77A2DF91-1D25-42D3-95C3-FC68668E0AB1}.Release|Any CPU.ActiveCfg = Release|Any CPU
		{77A2DF91-1D25-42D3-95C3-FC68668E0AB1}.Release|Any CPU.Build.0 = Release|Any CPU
		{443EA4E3-3495-48DD-A7B5-AA47CF6F6EA4}.Debug|Any CPU.ActiveCfg = Debug|Any CPU
		{443EA4E3-3495-48DD-A7B5-AA47CF6F6EA4}.Debug|Any CPU.Build.0 = Debug|Any CPU
		{443EA4E3-3495-48DD-A7B5-AA47CF6F6EA4}.Release|Any CPU.ActiveCfg = Release|Any CPU
		{443EA4E3-3495-48DD-A7B5-AA47CF6F6EA4}.Release|Any CPU.Build.0 = Release|Any CPU
		{0EE2C1C6-F71D-478D-A44C-DE5FB92166B0}.Debug|Any CPU.ActiveCfg = Debug|Any CPU
		{0EE2C1C6-F71D-478D-A44C-DE5FB92166B0}.Debug|Any CPU.Build.0 = Debug|Any CPU
		{0EE2C1C6-F71D-478D-A44C-DE5FB92166B0}.Release|Any CPU.ActiveCfg = Release|Any CPU
		{0EE2C1C6-F71D-478D-A44C-DE5FB92166B0}.Release|Any CPU.Build.0 = Release|Any CPU
		{7012985F-CD07-4731-BA14-5DD19F8E77CD}.Debug|Any CPU.ActiveCfg = Debug|Any CPU
		{7012985F-CD07-4731-BA14-5DD19F8E77CD}.Debug|Any CPU.Build.0 = Debug|Any CPU
		{7012985F-CD07-4731-BA14-5DD19F8E77CD}.Release|Any CPU.ActiveCfg = Release|Any CPU
		{7012985F-CD07-4731-BA14-5DD19F8E77CD}.Release|Any CPU.Build.0 = Release|Any CPU
		{F2E6147B-A2B4-4CCA-91B3-3B4D8C2B5D17}.Debug|Any CPU.ActiveCfg = Debug|Any CPU
		{F2E6147B-A2B4-4CCA-91B3-3B4D8C2B5D17}.Debug|Any CPU.Build.0 = Debug|Any CPU
		{F2E6147B-A2B4-4CCA-91B3-3B4D8C2B5D17}.Release|Any CPU.ActiveCfg = Release|Any CPU
		{F2E6147B-A2B4-4CCA-91B3-3B4D8C2B5D17}.Release|Any CPU.Build.0 = Release|Any CPU
		{83C63BFE-8A2E-449C-B6A9-1A5C9EA7DC8D}.Debug|Any CPU.ActiveCfg = Debug|Any CPU
		{83C63BFE-8A2E-449C-B6A9-1A5C9EA7DC8D}.Debug|Any CPU.Build.0 = Debug|Any CPU
		{83C63BFE-8A2E-449C-B6A9-1A5C9EA7DC8D}.Release|Any CPU.ActiveCfg = Release|Any CPU
		{83C63BFE-8A2E-449C-B6A9-1A5C9EA7DC8D}.Release|Any CPU.Build.0 = Release|Any CPU
		{3B2BF0C7-C92C-48C7-AB40-259EE67BD107}.Debug|Any CPU.ActiveCfg = Debug|Any CPU
		{3B2BF0C7-C92C-48C7-AB40-259EE67BD107}.Debug|Any CPU.Build.0 = Debug|Any CPU
		{3B2BF0C7-C92C-48C7-AB40-259EE67BD107}.Release|Any CPU.ActiveCfg = Release|Any CPU
		{3B2BF0C7-C92C-48C7-AB40-259EE67BD107}.Release|Any CPU.Build.0 = Release|Any CPU
	EndGlobalSection
	GlobalSection(SolutionProperties) = preSolution
		HideSolutionNode = FALSE
	EndGlobalSection
	GlobalSection(NestedProjects) = preSolution
		{77A2DF91-1D25-42D3-95C3-FC68668E0AB1} = {7AFD6DC6-F34E-4940-BC49-8A052012D3E6}
		{443EA4E3-3495-48DD-A7B5-AA47CF6F6EA4} = {7AFD6DC6-F34E-4940-BC49-8A052012D3E6}
		{0EE2C1C6-F71D-478D-A44C-DE5FB92166B0} = {7AFD6DC6-F34E-4940-BC49-8A052012D3E6}
		{7012985F-CD07-4731-BA14-5DD19F8E77CD} = {7AFD6DC6-F34E-4940-BC49-8A052012D3E6}
		{F2E6147B-A2B4-4CCA-91B3-3B4D8C2B5D17} = {7AFD6DC6-F34E-4940-BC49-8A052012D3E6}
		{83C63BFE-8A2E-449C-B6A9-1A5C9EA7DC8D} = {7AFD6DC6-F34E-4940-BC49-8A052012D3E6}
		{3B2BF0C7-C92C-48C7-AB40-259EE67BD107} = {7AFD6DC6-F34E-4940-BC49-8A052012D3E6}
	EndGlobalSection
	GlobalSection(ExtensibilityGlobals) = postSolution
		SolutionGuid = {553A8BA6-42E4-414A-A894-4C57027EC468}
	EndGlobalSection
EndGlobal
